
Microsoft Visual Studio Solution File, Format Version 12.00
# Visual Studio Version 17
VisualStudioVersion = 17.4.33213.308
MinimumVisualStudioVersion = 10.0.40219.1
Project("{9A19103F-16F7-4668-BE54-9A1E7A4F7556}") = "Rozetka_Api", "Rozetka_Api\Rozetka_Api.csproj", "{F869E378-EF6C-424D-AB14-D0899551EEAD}"
EndProject
Project("{FAE04EC0-301F-11D3-BF4B-00C04F79EFBC}") = "DataAccess", "DataAccess\DataAccess.csproj", "{A9FFD899-6087-4730-91B0-4D9087C588AA}"
EndProject
Project("{FAE04EC0-301F-11D3-BF4B-00C04F79EFBC}") = "BusinessLogic", "BusinessLogic\BusinessLogic.csproj", "{F952E804-0DCB-4FA6-A421-ADC385638D11}"
EndProject
Global
	GlobalSection(SolutionConfigurationPlatforms) = preSolution
		Debug|Any CPU = Debug|Any CPU
		Release|Any CPU = Release|Any CPU
	EndGlobalSection
	GlobalSection(ProjectConfigurationPlatforms) = postSolution
		{F869E378-EF6C-424D-AB14-D0899551EEAD}.Debug|Any CPU.ActiveCfg = Debug|Any CPU
		{F869E378-EF6C-424D-AB14-D0899551EEAD}.Debug|Any CPU.Build.0 = Debug|Any CPU
		{F869E378-EF6C-424D-AB14-D0899551EEAD}.Release|Any CPU.ActiveCfg = Release|Any CPU
		{F869E378-EF6C-424D-AB14-D0899551EEAD}.Release|Any CPU.Build.0 = Release|Any CPU
		{A9FFD899-6087-4730-91B0-4D9087C588AA}.Debug|Any CPU.ActiveCfg = Debug|Any CPU
		{A9FFD899-6087-4730-91B0-4D9087C588AA}.Debug|Any CPU.Build.0 = Debug|Any CPU
		{A9FFD899-6087-4730-91B0-4D9087C588AA}.Release|Any CPU.ActiveCfg = Release|Any CPU
		{A9FFD899-6087-4730-91B0-4D9087C588AA}.Release|Any CPU.Build.0 = Release|Any CPU
		{F952E804-0DCB-4FA6-A421-ADC385638D11}.Debug|Any CPU.ActiveCfg = Debug|Any CPU
		{F952E804-0DCB-4FA6-A421-ADC385638D11}.Debug|Any CPU.Build.0 = Debug|Any CPU
		{F952E804-0DCB-4FA6-A421-ADC385638D11}.Release|Any CPU.ActiveCfg = Release|Any CPU
		{F952E804-0DCB-4FA6-A421-ADC385638D11}.Release|Any CPU.Build.0 = Release|Any CPU
	EndGlobalSection
	GlobalSection(SolutionProperties) = preSolution
		HideSolutionNode = FALSE
	EndGlobalSection
	GlobalSection(ExtensibilityGlobals) = postSolution
		SolutionGuid = {4A518E8F-6395-4448-B978-6B35599097B5}
	EndGlobalSection
EndGlobal
